
Microsoft Visual Studio Solution File, Format Version 12.00
# Visual Studio Version 17
VisualStudioVersion = 17.9.34701.34
MinimumVisualStudioVersion = 10.0.40219.1
Project("{9A19103F-16F7-4668-BE54-9A1E7A4F7556}") = "DesktopApp", "DesktopApp.csproj", "{6C0AF633-6D6E-428A-A2CA-00E0C034DE7C}"
EndProject
Global
	GlobalSection(SolutionConfigurationPlatforms) = preSolution
		Debug|Any CPU = Debug|Any CPU
		Release|Any CPU = Release|Any CPU
	EndGlobalSection
	GlobalSection(ProjectConfigurationPlatforms) = postSolution
		{6C0AF633-6D6E-428A-A2CA-00E0C034DE7C}.Debug|Any CPU.ActiveCfg = Debug|Any CPU
		{6C0AF633-6D6E-428A-A2CA-00E0C034DE7C}.Debug|Any CPU.Build.0 = Debug|Any CPU
		{6C0AF633-6D6E-428A-A2CA-00E0C034DE7C}.Release|Any CPU.ActiveCfg = Release|Any CPU
		{6C0AF633-6D6E-428A-A2CA-00E0C034DE7C}.Release|Any CPU.Build.0 = Release|Any CPU
	EndGlobalSection
	GlobalSection(SolutionProperties) = preSolution
		HideSolutionNode = FALSE
	EndGlobalSection
	GlobalSection(ExtensibilityGlobals) = postSolution
		SolutionGuid = {BA375D0F-CD79-476F-B151-CE25E771ADB1}
	EndGlobalSection
EndGlobal
