
Microsoft Visual Studio Solution File, Format Version 12.00
# Visual Studio Version 17
VisualStudioVersion = 17.9.34701.34
MinimumVisualStudioVersion = 10.0.40219.1
Project("{9A19103F-16F7-4668-BE54-9A1E7A4F7556}") = "WebAPI", "WebAPI.csproj", "{28CEBCBD-2507-415B-8317-5971090B68EA}"
EndProject
Project("{9A19103F-16F7-4668-BE54-9A1E7A4F7556}") = "WebAPITest", "..\WebAPITest\WebAPITest.csproj", "{C950F582-32AF-4154-9E6D-08B9554208B1}"
EndProject
Global
	GlobalSection(SolutionConfigurationPlatforms) = preSolution
		Debug|Any CPU = Debug|Any CPU
		Release|Any CPU = Release|Any CPU
	EndGlobalSection
	GlobalSection(ProjectConfigurationPlatforms) = postSolution
		{28CEBCBD-2507-415B-8317-5971090B68EA}.Debug|Any CPU.ActiveCfg = Debug|Any CPU
		{28CEBCBD-2507-415B-8317-5971090B68EA}.Debug|Any CPU.Build.0 = Debug|Any CPU
		{28CEBCBD-2507-415B-8317-5971090B68EA}.Release|Any CPU.ActiveCfg = Release|Any CPU
		{28CEBCBD-2507-415B-8317-5971090B68EA}.Release|Any CPU.Build.0 = Release|Any CPU
		{C950F582-32AF-4154-9E6D-08B9554208B1}.Debug|Any CPU.ActiveCfg = Debug|Any CPU
		{C950F582-32AF-4154-9E6D-08B9554208B1}.Debug|Any CPU.Build.0 = Debug|Any CPU
		{C950F582-32AF-4154-9E6D-08B9554208B1}.Release|Any CPU.ActiveCfg = Release|Any CPU
		{C950F582-32AF-4154-9E6D-08B9554208B1}.Release|Any CPU.Build.0 = Release|Any CPU
	EndGlobalSection
	GlobalSection(SolutionProperties) = preSolution
		HideSolutionNode = FALSE
	EndGlobalSection
	GlobalSection(ExtensibilityGlobals) = postSolution
		SolutionGuid = {D0FA3B85-D868-481D-AB7F-54A45FC1B639}
	EndGlobalSection
EndGlobal
